
Microsoft Visual Studio Solution File, Format Version 12.00
# Visual Studio Version 17
VisualStudioVersion = 17.4.33213.308
MinimumVisualStudioVersion = 10.0.40219.1
Project("{9A19103F-16F7-4668-BE54-9A1E7A4F7556}") = "MyVideoGameUI", "MyVideoGameUI\MyVideoGameUI.csproj", "{4B83B9AE-B6E3-45E6-B5F1-46F31E9BBAB4}"
EndProject
Project("{00D1A9C2-B5F0-4AF3-8072-F6C62B433612}") = "MyVideoGameDB", "MyVideoGameDB\MyVideoGameDB.sqlproj", "{367E2A98-7BAA-4D8B-AC41-7D4BD472D474}"
EndProject
Global
	GlobalSection(SolutionConfigurationPlatforms) = preSolution
		Debug|Any CPU = Debug|Any CPU
		Release|Any CPU = Release|Any CPU
	EndGlobalSection
	GlobalSection(ProjectConfigurationPlatforms) = postSolution
		{4B83B9AE-B6E3-45E6-B5F1-46F31E9BBAB4}.Debug|Any CPU.ActiveCfg = Debug|Any CPU
		{4B83B9AE-B6E3-45E6-B5F1-46F31E9BBAB4}.Debug|Any CPU.Build.0 = Debug|Any CPU
		{4B83B9AE-B6E3-45E6-B5F1-46F31E9BBAB4}.Release|Any CPU.ActiveCfg = Release|Any CPU
		{4B83B9AE-B6E3-45E6-B5F1-46F31E9BBAB4}.Release|Any CPU.Build.0 = Release|Any CPU
		{367E2A98-7BAA-4D8B-AC41-7D4BD472D474}.Debug|Any CPU.ActiveCfg = Debug|Any CPU
		{367E2A98-7BAA-4D8B-AC41-7D4BD472D474}.Debug|Any CPU.Build.0 = Debug|Any CPU
		{367E2A98-7BAA-4D8B-AC41-7D4BD472D474}.Debug|Any CPU.Deploy.0 = Debug|Any CPU
		{367E2A98-7BAA-4D8B-AC41-7D4BD472D474}.Release|Any CPU.ActiveCfg = Release|Any CPU
		{367E2A98-7BAA-4D8B-AC41-7D4BD472D474}.Release|Any CPU.Build.0 = Release|Any CPU
		{367E2A98-7BAA-4D8B-AC41-7D4BD472D474}.Release|Any CPU.Deploy.0 = Release|Any CPU
	EndGlobalSection
	GlobalSection(SolutionProperties) = preSolution
		HideSolutionNode = FALSE
	EndGlobalSection
	GlobalSection(ExtensibilityGlobals) = postSolution
		SolutionGuid = {51099500-4839-42AD-904A-DC8AF9731D66}
	EndGlobalSection
EndGlobal
